
Microsoft Visual Studio Solution File, Format Version 12.00
# Visual Studio Version 16
VisualStudioVersion = 16.0.30804.86
MinimumVisualStudioVersion = 10.0.40219.1
Project("{9A19103F-16F7-4668-BE54-9A1E7A4F7556}") = "Gin Rummy", "Gin Rummy\Gin Rummy.csproj", "{8757B616-00D9-4A2C-AF15-F233A8B29325}"
EndProject
Project("{FAE04EC0-301F-11D3-BF4B-00C04F79EFBC}") = "GinRummy.UnitTests", "GinRummy.UnitTests\GinRummy.UnitTests.csproj", "{1234F558-53FD-44F7-B1EF-8ADDFEFE2EA6}"
EndProject
Global
	GlobalSection(SolutionConfigurationPlatforms) = preSolution
		Debug|Any CPU = Debug|Any CPU
		Release|Any CPU = Release|Any CPU
	EndGlobalSection
	GlobalSection(ProjectConfigurationPlatforms) = postSolution
		{8757B616-00D9-4A2C-AF15-F233A8B29325}.Debug|Any CPU.ActiveCfg = Debug|Any CPU
		{8757B616-00D9-4A2C-AF15-F233A8B29325}.Debug|Any CPU.Build.0 = Debug|Any CPU
		{8757B616-00D9-4A2C-AF15-F233A8B29325}.Release|Any CPU.ActiveCfg = Release|Any CPU
		{8757B616-00D9-4A2C-AF15-F233A8B29325}.Release|Any CPU.Build.0 = Release|Any CPU
		{1234F558-53FD-44F7-B1EF-8ADDFEFE2EA6}.Debug|Any CPU.ActiveCfg = Debug|Any CPU
		{1234F558-53FD-44F7-B1EF-8ADDFEFE2EA6}.Debug|Any CPU.Build.0 = Debug|Any CPU
		{1234F558-53FD-44F7-B1EF-8ADDFEFE2EA6}.Release|Any CPU.ActiveCfg = Release|Any CPU
		{1234F558-53FD-44F7-B1EF-8ADDFEFE2EA6}.Release|Any CPU.Build.0 = Release|Any CPU
	EndGlobalSection
	GlobalSection(SolutionProperties) = preSolution
		HideSolutionNode = FALSE
	EndGlobalSection
	GlobalSection(ExtensibilityGlobals) = postSolution
		SolutionGuid = {F7C94EE7-68D0-4482-8861-2C5D5BCDA50E}
	EndGlobalSection
EndGlobal
